
Microsoft Visual Studio Solution File, Format Version 11.00
# Visual Studio 2010
Project("{FAE04EC0-301F-11D3-BF4B-00C04F79EFBC}") = "traffic.hololens", "Assembly-CSharp.csproj", "{5B1A47F5-EC26-7AD9-2FFE-D61065997C6E}"
EndProject
Project("{FAE04EC0-301F-11D3-BF4B-00C04F79EFBC}") = "traffic.hololens", "Assembly-CSharp-Editor.csproj", "{018233D0-BFE5-B1C2-89C3-C19BA5F480BE}"
EndProject
Global
	GlobalSection(SolutionConfigurationPlatforms) = preSolution
		Debug|Any CPU = Debug|Any CPU
		Release|Any CPU = Release|Any CPU
	EndGlobalSection
	GlobalSection(ProjectConfigurationPlatforms) = postSolution
		{5B1A47F5-EC26-7AD9-2FFE-D61065997C6E}.Debug|Any CPU.ActiveCfg = Debug|Any CPU
		{5B1A47F5-EC26-7AD9-2FFE-D61065997C6E}.Debug|Any CPU.Build.0 = Debug|Any CPU
		{5B1A47F5-EC26-7AD9-2FFE-D61065997C6E}.Release|Any CPU.ActiveCfg = Release|Any CPU
		{5B1A47F5-EC26-7AD9-2FFE-D61065997C6E}.Release|Any CPU.Build.0 = Release|Any CPU
		{018233D0-BFE5-B1C2-89C3-C19BA5F480BE}.Debug|Any CPU.ActiveCfg = Debug|Any CPU
		{018233D0-BFE5-B1C2-89C3-C19BA5F480BE}.Debug|Any CPU.Build.0 = Debug|Any CPU
		{018233D0-BFE5-B1C2-89C3-C19BA5F480BE}.Release|Any CPU.ActiveCfg = Release|Any CPU
		{018233D0-BFE5-B1C2-89C3-C19BA5F480BE}.Release|Any CPU.Build.0 = Release|Any CPU
	EndGlobalSection
	GlobalSection(SolutionProperties) = preSolution
		HideSolutionNode = FALSE
	EndGlobalSection
	GlobalSection(MonoDevelopProperties) = preSolution
		StartupItem = Assembly-CSharp.csproj
	EndGlobalSection
EndGlobal
