
Microsoft Visual Studio Solution File, Format Version 12.00
# Visual Studio 15
VisualStudioVersion = 15.0.28307.271
MinimumVisualStudioVersion = 10.0.40219.1
Project("{FAE04EC0-301F-11D3-BF4B-00C04F79EFBC}") = "traffic.server", "traffic.server\traffic.server.csproj", "{1C0C319D-425B-4E14-A380-E21F6646BCA0}"
EndProject
Global
	GlobalSection(SolutionConfigurationPlatforms) = preSolution
		Debug|Any CPU = Debug|Any CPU
		Release|Any CPU = Release|Any CPU
	EndGlobalSection
	GlobalSection(ProjectConfigurationPlatforms) = postSolution
		{1C0C319D-425B-4E14-A380-E21F6646BCA0}.Debug|Any CPU.ActiveCfg = Debug|Any CPU
		{1C0C319D-425B-4E14-A380-E21F6646BCA0}.Debug|Any CPU.Build.0 = Debug|Any CPU
		{1C0C319D-425B-4E14-A380-E21F6646BCA0}.Release|Any CPU.ActiveCfg = Release|Any CPU
		{1C0C319D-425B-4E14-A380-E21F6646BCA0}.Release|Any CPU.Build.0 = Release|Any CPU
	EndGlobalSection
	GlobalSection(SolutionProperties) = preSolution
		HideSolutionNode = FALSE
	EndGlobalSection
	GlobalSection(ExtensibilityGlobals) = postSolution
		SolutionGuid = {149AF07E-74F0-435F-9B18-E75AB4CC5DF3}
	EndGlobalSection
EndGlobal
